// !$*UTF8*$!
{
	archiveVersion = 1;
	classes = {
	};
	objectVersion = 46;
	objects = {

/* Begin PBXBuildFile section */
		AD75BFAA1EE5CAF0005337A6 /* main.m in Sources */ = {isa = PBXBuildFile; fileRef = AD75BFA91EE5CAF0005337A6 /* main.m */; };
		AD75BFAD1EE5CAF0005337A6 /* AppDelegate.m in Sources */ = {isa = PBXBuildFile; fileRef = AD75BFAC1EE5CAF0005337A6 /* AppDelegate.m */; };
		AD75BFB01EE5CAF0005337A6 /* ViewController.m in Sources */ = {isa = PBXBuildFile; fileRef = AD75BFAF1EE5CAF0005337A6 /* ViewController.m */; };
		AD75BFB31EE5CAF0005337A6 /* Main.storyboard in Resources */ = {isa = PBXBuildFile; fileRef = AD75BFB11EE5CAF0005337A6 /* Main.storyboard */; };
		AD75BFB51EE5CAF0005337A6 /* Assets.xcassets in Resources */ = {isa = PBXBuildFile; fileRef = AD75BFB41EE5CAF0005337A6 /* Assets.xcassets */; };
		AD75BFB81EE5CAF0005337A6 /* LaunchScreen.storyboard in Resources */ = {isa = PBXBuildFile; fileRef = AD75BFB61EE5CAF0005337A6 /* LaunchScreen.storyboard */; };
/* End PBXBuildFile section */

/* Begin PBXFileReference section */
		AD75BFA51EE5CAF0005337A6 /* 6-5-2017-HelloWorld.app */ = {isa = PBXFileReference; explicitFileType = wrapper.application; includeInIndex = 0; path = "6-5-2017-HelloWorld.app"; sourceTree = BUILT_PRODUCTS_DIR; };
		AD75BFA91EE5CAF0005337A6 /* main.m */ = {isa = PBXFileReference; lastKnownFileType = sourcecode.c.objc; path = main.m; sourceTree = "<group>"; };
		AD75BFAB1EE5CAF0005337A6 /* AppDelegate.h */ = {isa = PBXFileReference; lastKnownFileType = sourcecode.c.h; path = AppDelegate.h; sourceTree = "<group>"; };
		AD75BFAC1EE5CAF0005337A6 /* AppDelegate.m */ = {isa = PBXFileReference; lastKnownFileType = sourcecode.c.objc; path = AppDelegate.m; sourceTree = "<group>"; };
		AD75BFAE1EE5CAF0005337A6 /* ViewController.h */ = {isa = PBXFileReference; lastKnownFileType = sourcecode.c.h; path = ViewController.h; sourceTree = "<group>"; };
		AD75BFAF1EE5CAF0005337A6 /* ViewController.m */ = {isa = PBXFileReference; lastKnownFileType = sourcecode.c.objc; path = ViewController.m; sourceTree = "<group>"; };
		AD75BFB21EE5CAF0005337A6 /* Base */ = {isa = PBXFileReference; lastKnownFileType = file.storyboard; name = Base; path = Base.lproj/Main.storyboard; sourceTree = "<group>"; };
		AD75BFB41EE5CAF0005337A6 /* Assets.xcassets */ = {isa = PBXFileReference; lastKnownFileType = folder.assetcatalog; path = Assets.xcassets; sourceTree = "<group>"; };
		AD75BFB71EE5CAF0005337A6 /* Base */ = {isa = PBXFileReference; lastKnownFileType = file.storyboard; name = Base; path = Base.lproj/LaunchScreen.storyboard; sourceTree = "<group>"; };
		AD75BFB91EE5CAF0005337A6 /* Info.plist */ = {isa = PBXFileReference; lastKnownFileType = text.plist.xml; path = Info.plist; sourceTree = "<group>"; };
/* End PBXFileReference section */

/* Begin PBXFrameworksBuildPhase section */
		AD75BFA21EE5CAF0005337A6 /* Frameworks */ = {
			isa = PBXFrameworksBuildPhase;
			buildActionMask = 2147483647;
			files = (
			);
			runOnlyForDeploymentPostprocessing = 0;
		};
/* End PBXFrameworksBuildPhase section */

/* Begin PBXGroup section */
		AD75BF9C1EE5CAF0005337A6 = {
			isa = PBXGroup;
			children = (
				AD75BFA71EE5CAF0005337A6 /* 6-5-2017-HelloWorld */,
				AD75BFA61EE5CAF0005337A6 /* Products */,
			);
			sourceTree = "<group>";
		};
		AD75BFA61EE5CAF0005337A6 /* Products */ = {
			isa = PBXGroup;
			children = (
				AD75BFA51EE5CAF0005337A6 /* 6-5-2017-HelloWorld.app */,
			);
			name = Products;
			sourceTree = "<group>";
		};
		AD75BFA71EE5CAF0005337A6 /* 6-5-2017-HelloWorld */ = {
			isa = PBXGroup;
			children = (
				AD75BFAB1EE5CAF0005337A6 /* AppDelegate.h */,
				AD75BFAC1EE5CAF0005337A6 /* AppDelegate.m */,
				AD75BFAE1EE5CAF0005337A6 /* ViewController.h */,
				AD75BFAF1EE5CAF0005337A6 /* ViewController.m */,
				AD75BFB11EE5CAF0005337A6 /* Main.storyboard */,
				AD75BFB41EE5CAF0005337A6 /* Assets.xcassets */,
				AD75BFB61EE5CAF0005337A6 /* LaunchScreen.storyboard */,
				AD75BFB91EE5CAF0005337A6 /* Info.plist */,
				AD75BFA81EE5CAF0005337A6 /* Supporting Files */,
			);
			path = "6-5-2017-HelloWorld";
			sourceTree = "<group>";
		};
		AD75BFA81EE5CAF0005337A6 /* Supporting Files */ = {
			isa = PBXGroup;
			children = (
				AD75BFA91EE5CAF0005337A6 /* main.m */,
			);
			name = "Supporting Files";
			sourceTree = "<group>";
		};
/* End PBXGroup section */

/* Begin PBXNativeTarget section */
		AD75BFA41EE5CAF0005337A6 /* 6-5-2017-HelloWorld */ = {
			isa = PBXNativeTarget;
			buildConfigurationList = AD75BFBC1EE5CAF0005337A6 /* Build configuration list for PBXNativeTarget "6-5-2017-HelloWorld" */;
			buildPhases = (
				AD75BFA11EE5CAF0005337A6 /* Sources */,
				AD75BFA21EE5CAF0005337A6 /* Frameworks */,
				AD75BFA31EE5CAF0005337A6 /* Resources */,
			);
			buildRules = (
			);
			dependencies = (
			);
			name = "6-5-2017-HelloWorld";
			productName = "6-5-2017-HelloWorld";
			productReference = AD75BFA51EE5CAF0005337A6 /* 6-5-2017-HelloWorld.app */;
			productType = "com.apple.product-type.application";
		};
/* End PBXNativeTarget section */

/* Begin PBXProject section */
		AD75BF9D1EE5CAF0005337A6 /* Project object */ = {
			isa = PBXProject;
			attributes = {
				LastUpgradeCheck = 0830;
				ORGANIZATIONNAME = "James Baker";
				TargetAttributes = {
					AD75BFA41EE5CAF0005337A6 = {
						CreatedOnToolsVersion = 8.3.2;
						DevelopmentTeam = G3P9A8Z2NP;
						ProvisioningStyle = Automatic;
					};
				};
			};
			buildConfigurationList = AD75BFA01EE5CAF0005337A6 /* Build configuration list for PBXProject "6-5-2017-HelloWorld" */;
			compatibilityVersion = "Xcode 3.2";
			developmentRegion = English;
			hasScannedForEncodings = 0;
			knownRegions = (
				en,
				Base,
			);
			mainGroup = AD75BF9C1EE5CAF0005337A6;
			productRefGroup = AD75BFA61EE5CAF0005337A6 /* Products */;
			projectDirPath = "";
			projectRoot = "";
			targets = (
				AD75BFA41EE5CAF0005337A6 /* 6-5-2017-HelloWorld */,
			);
		};
/* End PBXProject section */

/* Begin PBXResourcesBuildPhase section */
		AD75BFA31EE5CAF0005337A6 /* Resources */ = {
			isa = PBXResourcesBuildPhase;
			buildActionMask = 2147483647;
			files = (
				AD75BFB81EE5CAF0005337A6 /* LaunchScreen.storyboard in Resources */,
				AD75BFB51EE5CAF0005337A6 /* Assets.xcassets in Resources */,
				AD75BFB31EE5CAF0005337A6 /* Main.storyboard in Resources */,
			);
			runOnlyForDeploymentPostprocessing = 0;
		};
/* End PBXResourcesBuildPhase section */

/* Begin PBXSourcesBuildPhase section */
		AD75BFA11EE5CAF0005337A6 /* Sources */ = {
			isa = PBXSourcesBuildPhase;
			buildActionMask = 2147483647;
			files = (
				AD75BFB01EE5CAF0005337A6 /* ViewController.m in Sources */,
				AD75BFAD1EE5CAF0005337A6 /* AppDelegate.m in Sources */,
				AD75BFAA1EE5CAF0005337A6 /* main.m in Sources */,
			);
			runOnlyForDeploymentPostprocessing = 0;
		};
/* End PBXSourcesBuildPhase section */

/* Begin PBXVariantGroup section */
		AD75BFB11EE5CAF0005337A6 /* Main.storyboard */ = {
			isa = PBXVariantGroup;
			children = (
				AD75BFB21EE5CAF0005337A6 /* Base */,
			);
			name = Main.storyboard;
			sourceTree = "<group>";
		};
		AD75BFB61EE5CAF0005337A6 /* LaunchScreen.storyboard */ = {
			isa = PBXVariantGroup;
			children = (
				AD75BFB71EE5CAF0005337A6 /* Base */,
			);
			name = LaunchScreen.storyboard;
			sourceTree = "<group>";
		};
/* End PBXVariantGroup section */

/* Begin XCBuildConfiguration section */
		AD75BFBA1EE5CAF0005337A6 /* Debug */ = {
			isa = XCBuildConfiguration;
			buildSettings = {
				ALWAYS_SEARCH_USER_PATHS = NO;
				CLANG_ANALYZER_NONNULL = YES;
				CLANG_ANALYZER_NUMBER_OBJECT_CONVERSION = YES_AGGRESSIVE;
				CLANG_CXX_LANGUAGE_STANDARD = "gnu++0x";
				CLANG_CXX_LIBRARY = "libc++";
				CLANG_ENABLE_MODULES = YES;
				CLANG_ENABLE_OBJC_ARC = YES;
				CLANG_WARN_BOOL_CONVERSION = YES;
				CLANG_WARN_CONSTANT_CONVERSION = YES;
				CLANG_WARN_DIRECT_OBJC_ISA_USAGE = YES_ERROR;
				CLANG_WARN_DOCUMENTATION_COMMENTS = YES;
				CLANG_WARN_EMPTY_BODY = YES;
				CLANG_WARN_ENUM_CONVERSION = YES;
				CLANG_WARN_INFINITE_RECURSION = YES;
				CLANG_WARN_INT_CONVERSION = YES;
				CLANG_WARN_OBJC_ROOT_CLASS = YES_ERROR;
				CLANG_WARN_SUSPICIOUS_MOVE = YES;
				CLANG_WARN_UNREACHABLE_CODE = YES;
				CLANG_WARN__DUPLICATE_METHOD_MATCH = YES;
				"CODE_SIGN_IDENTITY[sdk=iphoneos*]" = "iPhone Developer";
				COPY_PHASE_STRIP = NO;
				DEBUG_INFORMATION_FORMAT = dwarf;
				ENABLE_STRICT_OBJC_MSGSEND = YES;
				ENABLE_TESTABILITY = YES;
				GCC_C_LANGUAGE_STANDARD = gnu99;
				GCC_DYNAMIC_NO_PIC = NO;
				GCC_NO_COMMON_BLOCKS = YES;
				GCC_OPTIMIZATION_LEVEL = 0;
				GCC_PREPROCESSOR_DEFINITIONS = (
					"DEBUG=1",
					"$(inherited)",
				);
				GCC_WARN_64_TO_32_BIT_CONVERSION = YES;
				GCC_WARN_ABOUT_RETURN_TYPE = YES_ERROR;
				GCC_WARN_UNDECLARED_SELECTOR = YES;
				GCC_WARN_UNINITIALIZED_AUTOS = YES_AGGRESSIVE;
				GCC_WARN_UNUSED_FUNCTION = YES;
				GCC_WARN_UNUSED_VARIABLE = YES;
				IPHONEOS_DEPLOYMENT_TARGET = 10.3;
				MTL_ENABLE_DEBUG_INFO = YES;
				ONLY_ACTIVE_ARCH = YES;
				SDKROOT = iphoneos;
			};
			name = Debug;
		};
		AD75BFBB1EE5CAF0005337A6 /* Release */ = {
			isa = XCBuildConfiguration;
			buildSettings = {
				ALWAYS_SEARCH_USER_PATHS = NO;
				CLANG_ANALYZER_NONNULL = YES;
				CLANG_ANALYZER_NUMBER_OBJECT_CONVERSION = YES_AGGRESSIVE;
				CLANG_CXX_LANGUAGE_STANDARD = "gnu++0x";
				CLANG_CXX_LIBRARY = "libc++";
				CLANG_ENABLE_MODULES = YES;
				CLANG_ENABLE_OBJC_ARC = YES;
				CLANG_WARN_BOOL_CONVERSION = YES;
				CLANG_WARN_CONSTANT_CONVERSION = YES;
				CLANG_WARN_DIRECT_OBJC_ISA_USAGE = YES_ERROR;
				CLANG_WARN_DOCUMENTATION_COMMENTS = YES;
				CLANG_WARN_EMPTY_BODY = YES;
				CLANG_WARN_ENUM_CONVERSION = YES;
				CLANG_WARN_INFINITE_RECURSION = YES;
				CLANG_WARN_INT_CONVERSION = YES;
				CLANG_WARN_OBJC_ROOT_CLASS = YES_ERROR;
				CLANG_WARN_SUSPICIOUS_MOVE = YES;
				CLANG_WARN_UNREACHABLE_CODE = YES;
				CLANG_WARN__DUPLICATE_METHOD_MATCH = YES;
				"CODE_SIGN_IDENTITY[sdk=iphoneos*]" = "iPhone Developer";
				COPY_PHASE_STRIP = NO;
				DEBUG_INFORMATION_FORMAT = "dwarf-with-dsym";
				ENABLE_NS_ASSERTIONS = NO;
				ENABLE_STRICT_OBJC_MSGSEND = YES;
				GCC_C_LANGUAGE_STANDARD = gnu99;
				GCC_NO_COMMON_BLOCKS = YES;
				GCC_WARN_64_TO_32_BIT_CONVERSION = YES;
				GCC_WARN_ABOUT_RETURN_TYPE = YES_ERROR;
				GCC_WARN_UNDECLARED_SELECTOR = YES;
				GCC_WARN_UNINITIALIZED_AUTOS = YES_AGGRESSIVE;
				GCC_WARN_UNUSED_FUNCTION = YES;
				GCC_WARN_UNUSED_VARIABLE = YES;
				IPHONEOS_DEPLOYMENT_TARGET = 10.3;
				MTL_ENABLE_DEBUG_INFO = NO;
				SDKROOT = iphoneos;
				VALIDATE_PRODUCT = YES;
			};
			name = Release;
		};
		AD75BFBD1EE5CAF0005337A6 /* Debug */ = {
			isa = XCBuildConfiguration;
			buildSettings = {
				ASSETCATALOG_COMPILER_APPICON_NAME = AppIcon;
				DEVELOPMENT_TEAM = G3P9A8Z2NP;
				INFOPLIST_FILE = "6-5-2017-HelloWorld/Info.plist";
				LD_RUNPATH_SEARCH_PATHS = "$(inherited) @executable_path/Frameworks";
				PRODUCT_BUNDLE_IDENTIFIER = "baker.--5-2017-HelloWorld";
				PRODUCT_NAME = "$(TARGET_NAME)";
			};
			name = Debug;
		};
		AD75BFBE1EE5CAF0005337A6 /* Release */ = {
			isa = XCBuildConfiguration;
			buildSettings = {
				ASSETCATALOG_COMPILER_APPICON_NAME = AppIcon;
				DEVELOPMENT_TEAM = G3P9A8Z2NP;
				INFOPLIST_FILE = "6-5-2017-HelloWorld/Info.plist";
				LD_RUNPATH_SEARCH_PATHS = "$(inherited) @executable_path/Frameworks";
				PRODUCT_BUNDLE_IDENTIFIER = "baker.--5-2017-HelloWorld";
				PRODUCT_NAME = "$(TARGET_NAME)";
			};
			name = Release;
		};
/* End XCBuildConfiguration section */

/* Begin XCConfigurationList section */
		AD75BFA01EE5CAF0005337A6 /* Build configuration list for PBXProject "6-5-2017-HelloWorld" */ = {
			isa = XCConfigurationList;
			buildConfigurations = (
				AD75BFBA1EE5CAF0005337A6 /* Debug */,
				AD75BFBB1EE5CAF0005337A6 /* Release */,
			);
			defaultConfigurationIsVisible = 0;
			defaultConfigurationName = Release;
		};
		AD75BFBC1EE5CAF0005337A6 /* Build configuration list for PBXNativeTarget "6-5-2017-HelloWorld" */ = {
			isa = XCConfigurationList;
			buildConfigurations = (
				AD75BFBD1EE5CAF0005337A6 /* Debug */,
				AD75BFBE1EE5CAF0005337A6 /* Release */,
			);
			defaultConfigurationIsVisible = 0;
		};
/* End XCConfigurationList section */
	};
	rootObject = AD75BF9D1EE5CAF0005337A6 /* Project object */;
}
